version = 1
revision = 1
requires-python = ">=3.10"

[[package]]
name = "clang"
version = "20.1.5"
source = { registry = "https://pypi.org/simple" }
sdist = { url = "https://files.pythonhosted.org/packages/d8/55/39db28e9b95c6ed49b5fce40878e034961d05dcda7d26347392af6755d28/clang-20.1.5.tar.gz", hash = "sha256:1395dc8f51a4542644356cacae482d797b2e1b3f72ab7674af42de593a3dff7f", size = 8605 }
wheels = [
    { url = "https://files.pythonhosted.org/packages/81/bd/8410abff6b094f42e702745c90bb869cd78b66212aad1d5ccf4ebdfc4ad9/clang-20.1.5-py3-none-any.whl", hash = "sha256:b816c582ee8d230a7591386569cfb9311bf67339136aed7fd48264009da9c0b3", size = 38983 },
]

[[package]]
name = "fortran"
version = "0.1.0"
source = { virtual = "." }
dependencies = [
    { name = "clang" },
]

[package.metadata]
requires-dist = [{ name = "clang", specifier = ">=20.1.5" }]
